version = 1
revision = 3
requires-python = ">=3.12"

[[package]]
name = "attrs"
version = "26.1.0"
source = { registry = "https://pypi.org/simple" }
sdist = { url = "https://files.pythonhosted.org/packages/9a/8e/82a0fe20a541c03148528be8cac2408564a6c9a0cc7e9171802bc1d26985/attrs-26.1.0.tar.gz", hash = "sha256:d03ceb89cb322a8fd706d4fb91940737b6642aa36998fe130a9bc96c985eff32", size = 952055, upload-time = "2026-03-19T14:22:25.026Z" }
wheels = [
    { url = "https://files.pythonhosted.org/packages/64/b4/17d4b0b2a2dc85a6df63d1157e028ed19f90d4cd97c36717afef2bc2f395/attrs-26.1.0-py3-none-any.whl", hash = "sha256:c647aa4a12dfbad9333ca4e71fe62ddc36f4e63b2d260a37a8b83d2f043ac309", size = 67548, upload-time = "2026-03-19T14:22:23.645Z" },
]

[[package]]
name = "b3c32"
version = "0.0.4"
source = { registry = "https://pypi.org/simple" }
dependencies = [
    { name = "blake3" },
]
sdist = { url = "https://files.pythonhosted.org/packages/89/fb/7cf011d220a87c9b616cad4e8161f0041ee4d5e811e04457ac322fce853c/b3c32-0.0.4.tar.gz", hash = "sha256:f3a33d72bde02e0e75eb44b7a35642938b4c5397e20f71b7129f0868d215d0a5", size = 44608, upload-time = "2026-09-14T15:45:46.905Z" }
wheels = [
    { url = "https://files.pythonhosted.org/packages/09/15/c16bd82f15fdc1e2a748cea924666bf5b96aca8267ccc07a33c26cd5fba6/b3c32-0.0.4-py3-none-any.whl", hash = "sha256:3b89d755216000b22b4c857224494cbb1533af613b20c65c7ae1b3a6958b0a15", size = 16498, upload-time = "2026-09-14T15:45:45.475Z" },
]

[[package]]
name = "blake3"
version = "1.0.9"
source = { registry = "https://pypi.org/simple" }
sdist = { url = "https://files.pythonhosted.org/packages/26/6a/4cc5a9dd40fd8a6d283fd3761e5f59c490109571ef8e3c73245417e5a305/blake3-1.0.9.tar.gz", hash = "sha256:5fa374fa5070ca084368776c19b420157eb0f2d3f091343d6bc59189929d62e2", size = 116872, upload-time = "2026-06-22T18:02:25.366Z" }
wheels = [
    { url = "https://files.pythonhosted.org/packages/5c/d2/9bdf8345c70993aaef635398f52edfb915d6e8ad2c000c801204e387c456/blake3-1.0.9-cp312-cp312-macosx_10_12_x86_64.whl", hash = "sha256:a70c20542d5e7960983a0ff32999049a2b0e5ef1f22dbbbdfb51cf04828a4156", size = 344587, upload-time = "2026-06-22T18:00:34.244Z" },
    { url = "https://files.pythonhosted.org/packages/36/9d/be8b1f7f85b12bb45a0fade6ca7bdbf83a507d23d0b6141ba29fe69c8cea/blake3-1.0.9-cp312-cp312-macosx_11_0_arm64.whl", hash = "sha256:72cdecf088a9d25e6ec79948a578995649b0dbee407e7a46c543a9ecc0f6f281", size = 328864, upload-time = "2026-06-22T18:00:35.59Z" },
    { url = "https://files.pythonhosted.org/packages/f2/78/66580635d744c826671fd219938caffb16281a26f62c4f856695d4233677/blake3-1.0.9-cp312-cp312-manylinux_2_17_aarch64.manylinux2014_aarch64.whl", hash = "sha256:42fa57bf462285ef16400601b0fd32214c248ba92505bbb94b1221ab9af5a092", size = 373795, upload-time = "2026-06-22T18:00:36.887Z" },
    { url = "https://files.pythonhosted.org/packages/b1/79/b5b17d3004bb81a5732c0b176c812703d200ed8c652b3b7713b9633bbe10/blake3-1.0.9-cp312-cp312-manylinux_2_17_armv7l.manylinux2014_armv7l.whl", hash = "sha256:b25ccde5a64be070f20e5c7a81da70292db40b164b6c77588cbd6230856badbb", size = 374183, upload-time = "2026-06-22T18:00:38.205Z" },
    { url = "https://files.pythonhosted.org/packages/3c/63/0d209c44b2041bbe130ced12a23c92dd995fbfe5bce7ee77fffea16f5cb0/blake3-1.0.9-cp312-cp312-manylinux_2_17_i686.manylinux2014_i686.whl", hash = "sha256:2a800b87433955f37691b5f361ad29c7dd3ee089c9cd109adc5aea8e24bc4c1f", size = 446783, upload-time = "2026-06-22T18:00:39.493Z" },
    { url = "https://files.pythonhosted.org/packages/c5/51/efd1f9b8a9d3e9a0e235f3ced99a738529a1019fe78b3988e29d9c2fbba6/blake3-1.0.9-cp312-cp312-manylinux_2_17_ppc64le.manylinux2014_ppc64le.whl", hash = "sha256:6879739e7904b9c42afbedbcc2e8c36cebe140fb3fc3f5c492993579cf5cd516", size = 487369, upload-time = "2026-06-22T18:00:40.875Z" },
    { url = "https://files.pythonhosted.org/packages/8d/3f/a8dcaea9e0b26e419a540ca0cd6203c9fbb505e85b02b03c5a59bf9e6a45/blake3-1.0.9-cp312-cp312-manylinux_2_17_s390x.manylinux2014_s390x.whl", hash = "sha256:6edeb3d49a24c307995899b70dd47aa901d0e9ad51d2f8a79aba4f074f32d8c5", size = 383845, upload-time = "2026-06-22T18:00:42.251Z" },
    { url = "https://files.pythonhosted.org/packages/f6/10/e9907f5b86410d5071982aaf05d149ca4d4fd8acab7e77eebbc9a333c7b4/blake3-1.0.9-cp312-cp312-manylinux_2_17_x86_64.manylinux2014_x86_64.whl", hash = "sha256:bcd56a7a972c4185070f7042ccc20166927eec3c0f98b8405f375d007b604a0b", size = 383851, upload-time = "2026-06-22T18:00:43.715Z" },
    { url = "https://files.pythonhosted.org/packages/34/cf/c7863a185550706a9624f6aa7b6d46470aaed0bb46a827c5cda2a7d03151/blake3-1.0.9-cp312-cp312-manylinux_2_31_riscv64.whl", hash = "sha256:a288664d08dee154cc496e06e62517fc9e655ecec12b0d7db538d244ac79edf1", size = 380067, upload-time = "2026-06-22T18:00:45.249Z" },
    { url = "https://files.pythonhosted.org/packages/54/0a/e7af679c719368b400c9ba9c3460072aac2ba077ddbd4bc806fef28cda03/blake3-1.0.9-cp312-cp312-musllinux_1_1_aarch64.whl", hash = "sha256:91db52a809b68b5bebe7c413ddcd230e1f759398e7fa7a873104595a4fa648b6", size = 549471, upload-time = "2026-06-22T18:00:46.793Z" },
    { url = "https://files.pythonhosted.org/packages/2c/3c/37c1dd3539b7bd9b6d2eef019802aacdb4a3d48ab484b140603bbf9c5b5a/blake3-1.0.9-cp312-cp312-musllinux_1_1_x86_64.whl", hash = "sha256:cfaa671b07eb73883162ca940442193868358b0b904cfa266e4b74131ce966da", size = 591396, upload-time = "2026-06-22T18:00:48.122Z" },
    { url = "https://files.pythonhosted.org/packages/ae/55/4f0a23b72795292e74084834130900ea778c0583004519c86698dfffe1a5/blake3-1.0.9-cp312-cp312-win32.whl", hash = "sha256:ae47c3d5729ff89baa6ddf6de47fcfcc915985d39eb1bfcd6db653331f3c6fcc", size = 229271, upload-time = "2026-06-22T18:00:49.377Z" },
    { url = "https://files.pythonhosted.org/packages/12/91/7db93e4689f0f145bcb954dc62936e5f5090548a9fa20c6bbebfaeaa648a/blake3-1.0.9-cp312-cp312-win_amd64.whl", hash = "sha256:15566065ff90ab3da46ec0be1417406f00507af902b6fb0fbc6563e77f02fc42", size = 218220, upload-time = "2026-06-22T18:00:50.659Z" },
    { url = "https://files.pythonhosted.org/packages/41/1b/95b473d649f5322e69674622a307ffdb4f0b63adb0a0adcbc5cb8a8833c2/blake3-1.0.9-cp313-cp313-macosx_10_12_x86_64.whl", hash = "sha256:69ff5aebc7650954443aa701feff2028d7c7ea5b5e18ee265f15e2104e892328", size = 343869, upload-time = "2026-06-22T18:00:51.936Z" },
    { url = "https://files.pythonhosted.org/packages/4b/9d/adec22c719d8451af1dc9e624bf5907008ef1e0afa51aa69fd1e8c91e60e/blake3-1.0.9-cp313-cp313-macosx_11_0_arm64.whl", hash = "sha256:0cdfeff65488089ef86f7587c76055ff72b28d28d10e427b547f5711477c376d", size = 328482, upload-time = "2026-06-22T18:00:53.39Z" },
    { url = "https://files.pythonhosted.org/packages/5e/aa/0a6967ff9a6ae182419a681aed54f7338b34a1f71372e90f787a2afa42e6/blake3-1.0.9-cp313-cp313-manylinux_2_17_aarch64.manylinux2014_aarch64.whl", hash = "sha256:766f1555cbe614f14f399c2fbec0983568d20edb36837ba04040807eb9e1a609", size = 373616, upload-time = "2026-06-22T18:00:54.701Z" },
    { url = "https://files.pythonhosted.org/packages/1c/51/5d4e198bf3ae902c6697ad6ec77d7210736ad8f680980e8b648dcfcd09a0/blake3-1.0.9-cp313-cp313-manylinux_2_17_armv7l.manylinux2014_armv7l.whl", hash = "sha256:128a62136c9a39c7cb9fdaa5fb38471f2418853da7f5a89f31495735d0ba6f2c", size = 374149, upload-time = "2026-06-22T18:00:56.015Z" },
    { url = "https://files.pythonhosted.org/packages/7e/62/d3c7c364925b3f10828e5137376f3947f112c32188e899b42f09c2fde98a/blake3-1.0.9-cp313-cp313-manylinux_2_17_i686.manylinux2014_i686.whl", hash = "sha256:d1ea0bf17b184b03444007646d902207d2b4d4f3e91a0cac3836552d83db74b9", size = 446151, upload-time = "2026-06-22T18:00:57.378Z" },
    { url = "https://files.pythonhosted.org/packages/b1/01/55b89389c5036c9d24b1d762d6265e91552e10b76a3c99fece3c4a7a4783/blake3-1.0.9-cp313-cp313-manylinux_2_17_ppc64le.manylinux2014_ppc64le.whl", hash = "sha256:73a48f7e9f0e047f51a445d9b0361ab1907bdc72b6857815a84dacd2e59556f8", size = 487256, upload-time = "2026-06-22T18:00:58.763Z" },
    { url = "https://files.pythonhosted.org/packages/b2/7a/a21b52253292ad3e4df63ea4a01ce11d3ee8f4a8a8d80eaf0c7ce92a62bd/blake3-1.0.9-cp313-cp313-manylinux_2_17_s390x.manylinux2014_s390x.whl", hash = "sha256:b27550ada40f839aca64c66127940e4318bb6ef3e291890ef913017f6f637448", size = 383977, upload-time = "2026-06-22T18:01:00.192Z" },
    { url = "https://files.pythonhosted.org/packages/f3/f0/fe7188201a29ee9b042616c786a98afd864d537ca96198e64c3fe4ff13a9/blake3-1.0.9-cp313-cp313-manylinux_2_17_x86_64.manylinux2014_x86_64.whl", hash = "sha256:66c84dbc2a31eda88b55bbf5c5b711037bf0698eba0fd1faf06bdaf313c39048", size = 383615, upload-time = "2026-06-22T18:01:01.557Z" },
    { url = "https://files.pythonhosted.org/packages/22/08/f6a213b950e30fe9ef7d7fc061ec388e66ed62643570226882e6f7136ea3/blake3-1.0.9-cp313-cp313-manylinux_2_31_riscv64.whl", hash = "sha256:dab59b324aa65c09e937d6c43de5de85ec9581627f4e79dcc9806d85b54a1c34", size = 380288, upload-time = "2026-06-22T18:01:03.025Z" },
    { url = "https://files.pythonhosted.org/packages/f1/fb/b171e47c1b835483bcf1545ebc289458165f8dc0f5c7f74a9176d7e9af03/blake3-1.0.9-cp313-cp313-musllinux_1_1_aarch64.whl", hash = "sha256:eca281fedcbe5c56655bd5a4176e6036eddbbe57df96114a03838fce08b1e0ca", size = 549122, upload-time = "2026-06-22T18:01:04.486Z" },
    { url = "https://files.pythonhosted.org/packages/a7/d8/7bf71c2c85a0951e406971f151435e0751716907e3924c6c48a2d6dae0db/blake3-1.0.9-cp313-cp313-musllinux_1_1_x86_64.whl", hash = "sha256:3cbe7f190164896dc3908e920716ee66bc31d40f1a0fb603ed59ac53290fb9cf", size = 591183, upload-time = "2026-06-22T18:01:06.259Z" },
    { url = "https://files.pythonhosted.org/packages/20/85/34c3ea03cc90b2516628494ab3e0a98aec4ca8b04d037840ccd390e480ca/blake3-1.0.9-cp313-cp313-win32.whl", hash = "sha256:508ccaf8f9377cc47e6026c2897fdc37de61faeb1420dc023b6379cc2474eb65", size = 229053, upload-time = "2026-06-22T18:01:07.638Z" },
    { url = "https://files.pythonhosted.org/packages/db/2e/f09e8ed426f360aa2005206466ceab2f707486eb5d9db7051dbcbae056d1/blake3-1.0.9-cp313-cp313-win_amd64.whl", hash = "sha256:caded2806d2cbeed638c5e2517ed8b2a94165b3452fda35e72896142d22070e0", size = 217589, upload-time = "2026-06-22T18:01:08.922Z" },
    { url = "https://files.pythonhosted.org/packages/2e/4b/b2dd7c25378a3b5de30ed908d38e6427bc4c644c0c12e8359361abd3a9ca/blake3-1.0.9-cp314-cp314-macosx_10_12_x86_64.whl", hash = "sha256:ab0c030cf6644c30e786b0e785bde4e4596013ae9ea6ce9877e39d52383e25d7", size = 345406, upload-time = "2026-06-22T18:01:10.311Z" },
    { url = "https://files.pythonhosted.org/packages/c6/dc/c0dab2963ddf04a4a938363f61716f9b75de6d3a9bc4a89e78f0854d4d31/blake3-1.0.9-cp314-cp314-macosx_11_0_arm64.whl", hash = "sha256:83b4a2336105af3800f7e17ac4b943f293a3927a2d66a6308d50dba944a6953e", size = 330077, upload-time = "2026-06-22T18:01:11.926Z" },
    { url = "https://files.pythonhosted.org/packages/20/f1/d03950a86d105a6332a8c422cb87658a7d247e214f1ea8f29ed09ff04e00/blake3-1.0.9-cp314-cp314-manylinux_2_17_aarch64.manylinux2014_aarch64.whl", hash = "sha256:95fc3545f80901b0dcd0508d16bc40f15ae39556709fa6cf86675f742d4f3c9c", size = 375147, upload-time = "2026-06-22T18:01:13.198Z" },
    { url = "https://files.pythonhosted.org/packages/10/75/711b1842e0a90aaad6a1c9a9022e90aa16206ac1f224516118bc24482532/blake3-1.0.9-cp314-cp314-manylinux_2_17_armv7l.manylinux2014_armv7l.whl", hash = "sha256:1bd981dc318c05375c3160a99df493b7cc4c83fffa1a34d14b18a071b47b262b", size = 373711, upload-time = "2026-06-22T18:01:14.606Z" },
    { url = "https://files.pythonhosted.org/packages/9e/a0/f512799d1d0c0b4718fa6f0e99ccbe108e98bac7bf82c200803a62b57876/blake3-1.0.9-cp314-cp314-manylinux_2_17_i686.manylinux2014_i686.whl", hash = "sha256:689a7e4069de681d9c5d9445b8b6473ee880ad04d7960a6789c60bd788980250", size = 446993, upload-time = "2026-06-22T18:01:15.924Z" },
    { url = "https://files.pythonhosted.org/packages/60/fb/6636ae8a46fc3352694188f5a5a325567782bc88fd1823b0b67be2c92184/blake3-1.0.9-cp314-cp314-manylinux_2_17_ppc64le.manylinux2014_ppc64le.whl", hash = "sha256:8adb0b0032e53919ee95b3d4f911448d3268316c28cd7df232ff2a1e7c9a4ba4", size = 488478, upload-time = "2026-06-22T18:01:17.271Z" },
    { url = "https://files.pythonhosted.org/packages/1e/c5/a2b3c086f7e37c9db6017dc2890a76ad2a729e4a554896e855e511811e6b/blake3-1.0.9-cp314-cp314-manylinux_2_17_s390x.manylinux2014_s390x.whl", hash = "sha256:32bd4521ec2d477627ad93eb70f9ac4d01e12d1489024159bcaeff79466332f6", size = 384900, upload-time = "2026-06-22T18:01:18.802Z" },
    { url = "https://files.pythonhosted.org/packages/e1/b8/1298806dd6c464a6f807df24c9640ad3bf27ee54ff4de82b2b5a823a8aba/blake3-1.0.9-cp314-cp314-manylinux_2_17_x86_64.manylinux2014_x86_64.whl", hash = "sha256:f65d77eb05331495485048f6804f53885b192b998acb7e6fe1487d941bf08435", size = 384333, upload-time = "2026-06-22T18:01:20.35Z" },
    { url = "https://files.pythonhosted.org/packages/3c/cc/0c29d9404155adfd6db716e9765d36ea6cbed287060759f5d764f0d9d99e/blake3-1.0.9-cp314-cp314-manylinux_2_31_riscv64.whl", hash = "sha256:ca7dfe8fb197ff8a3f5c915424183ccd52a99e8afb12680f51b2e1f4c9c6c97f", size = 381142, upload-time = "2026-06-22T18:01:21.744Z" },
    { url = "https://files.pythonhosted.org/packages/d6/91/9af20d563f0ced71e08a60fc0ee534146da4e265710ed6792d5d799f4c0f/blake3-1.0.9-cp314-cp314-musllinux_1_1_aarch64.whl", hash = "sha256:f5c9d57f0dcb92243b6ae575c3065793edc9df9008d0ebd98d8245cdeb7c3f84", size = 550587, upload-time = "2026-06-22T18:01:23.381Z" },
    { url = "https://files.pythonhosted.org/packages/d0/fa/06f46fc0aa486b799d776f9a80ed0b3605e2be1570cf48007860948aa5d9/blake3-1.0.9-cp314-cp314-musllinux_1_1_x86_64.whl", hash = "sha256:172d44245a19dfec08ab771c1b7a506b97783163cdc65f559fe020007e403c99", size = 591888, upload-time = "2026-06-22T18:01:24.805Z" },
    { url = "https://files.pythonhosted.org/packages/50/68/d6198f4069a7c4a184ed854df45b82cc3e2d4b0be476b2a3ee65ad2344cf/blake3-1.0.9-cp314-cp314-win32.whl", hash = "sha256:249e5964fa9e768924bc7cc3d4efe75a425bb5dd3fb7671c3eda8eeddfa50591", size = 229410, upload-time = "2026-06-22T18:01:26.24Z" },
    { url = "https://files.pythonhosted.org/packages/63/ab/f29af72a8312b3827b50e55491f1bf9ae2347591de5c47365c5cbd2525a9/blake3-1.0.9-cp314-cp314-win_amd64.whl", hash = "sha256:0aba416bb2e3ef0c65e74d5eba21062483c714cd78e7e303c9d03c547fc7d015", size = 218526, upload-time = "2026-06-22T18:01:27.779Z" },
    { url = "https://files.pythonhosted.org/packages/47/7e/d932fe437ccf656cfba77abc466fb3d1a0ce3c31df92e760d9e4c34932b4/blake3-1.0.9-cp314-cp314t-macosx_10_12_x86_64.whl", hash = "sha256:5b35abe24a66a7b3db423eb4f8668ed7be1a362aa9c0024ab6483ec0b2c16058", size = 345049, upload-time = "2026-06-22T18:01:29.228Z" },
    { url = "https://files.pythonhosted.org/packages/55/1e/d92fb284fcacf86f5d1083e29d0a8c834b60432786928915238d9760f514/blake3-1.0.9-cp314-cp314t-macosx_11_0_arm64.whl", hash = "sha256:1bbdff61e049297ef3180867ce1f079cea7e5b372fd76953c3183da5b8124206", size = 329367, upload-time = "2026-06-22T18:01:30.566Z" },
    { url = "https://files.pythonhosted.org/packages/9d/da/e25fa75d5bfea4527fc21024dde86a9376db798e469a084741968299f215/blake3-1.0.9-cp314-cp314t-manylinux_2_17_aarch64.manylinux2014_aarch64.whl", hash = "sha256:09a69fcedf06785bb81d4d3d39f95ee65dbaf2cb246e174cfc9ff64d027f7551", size = 374203, upload-time = "2026-06-22T18:01:31.998Z" },
    { url = "https://files.pythonhosted.org/packages/4f/4d/0224916202b773dfdf08dcbe4ed1ad1018d4ddcd4df7a7e2978d28f89b74/blake3-1.0.9-cp314-cp314t-manylinux_2_17_armv7l.manylinux2014_armv7l.whl", hash = "sha256:b5d5bf0f68cd77108a942c95db98e960d9c3d5643b95172f783822ce22667759", size = 373713, upload-time = "2026-06-22T18:01:33.387Z" },
    { url = "https://files.pythonhosted.org/packages/b8/e5/4ba968831b7afaec431c588c826cef76a96d6d6976188ed07d932072e673/blake3-1.0.9-cp314-cp314t-manylinux_2_17_i686.manylinux2014_i686.whl", hash = "sha256:9767f16199b99aa022b61ff825ac4dbd39864bf637ae712605a2ce1f8b6a55e0", size = 446574, upload-time = "2026-06-22T18:01:34.687Z" },
    { url = "https://files.pythonhosted.org/packages/ac/f5/08a9099c7177f282d2563abe4f7cc626c636642f7979cf58f2ab7ded2096/blake3-1.0.9-cp314-cp314t-manylinux_2_17_ppc64le.manylinux2014_ppc64le.whl", hash = "sha256:4865a8cfb2b3d7c0baf5267f2fa6816a3384e836cd1bd0caf359f406cb1e8fba", size = 487232, upload-time = "2026-06-22T18:01:36.131Z" },
    { url = "https://files.pythonhosted.org/packages/76/16/9392bf1ebc81b5b09ce58b94613fa2d37308e825ff2dc7b54d00ee622c77/blake3-1.0.9-cp314-cp314t-manylinux_2_17_s390x.manylinux2014_s390x.whl", hash = "sha256:42609e4adc4b2d7423137f2cb35135bca598b925c5af09d2bc0a2c368b25aeb1", size = 384751, upload-time = "2026-06-22T18:01:37.512Z" },
    { url = "https://files.pythonhosted.org/packages/84/fc/b6e9aef02ca14ef62fa47783b9eeeb5b2d3f73fdf698d8bb94c36f5dd69f/blake3-1.0.9-cp314-cp314t-manylinux_2_17_x86_64.manylinux2014_x86_64.whl", hash = "sha256:c7f648fa425138452d1e585ac625c7aefddb946d9765906c4c12d564a1523cd8", size = 384546, upload-time = "2026-06-22T18:01:38.868Z" },
    { url = "https://files.pythonhosted.org/packages/ff/cb/452e92dba9402b36a953aa8b9b06253445ccce43dcd0bcf521c5e3c3e15d/blake3-1.0.9-cp314-cp314t-manylinux_2_31_riscv64.whl", hash = "sha256:9cef6d4d07a7de0c44f5ba17f6383d55276d9efc8d601f75113538fcaa35008b", size = 380596, upload-time = "2026-06-22T18:01:40.412Z" },
    { url = "https://files.pythonhosted.org/packages/b2/01/7a84a7e10c5d14e6ed8a4403bd7f64c1e01f8ebabea0d6fe5f093b894cbd/blake3-1.0.9-cp314-cp314t-musllinux_1_1_aarch64.whl", hash = "sha256:28404301de485e9546365d01b30f65eaa835520c4211d6ef61242975b6722b60", size = 550032, upload-time = "2026-06-22T18:01:41.955Z" },
    { url = "https://files.pythonhosted.org/packages/58/7d/7aea0222f59cf84044ec52e2bfdaa0e3c355d221292b0ea1b722cf1edd6c/blake3-1.0.9-cp314-cp314t-musllinux_1_1_x86_64.whl", hash = "sha256:8a99f896e7718050ed033a888245098aab3d6a5338f91cc9450c563b53f90ad5", size = 592244, upload-time = "2026-06-22T18:01:43.426Z" },
    { url = "https://files.pythonhosted.org/packages/c0/e5/b44c230108745ff9c70c7bbafe22563772bc0c22322a8d15c10455f6ca02/blake3-1.0.9-cp314-cp314t-win32.whl", hash = "sha256:021309d760b390706fecf13498f9a25aa8f689bbb65a0896029b8fa223aae18b", size = 229481, upload-time = "2026-06-22T18:01:45.307Z" },
    { url = "https://files.pythonhosted.org/packages/ec/a6/ac03f37dc9aeebf398d42089720648b3bc8438e733d3e522196c5d12ab39/blake3-1.0.9-cp314-cp314t-win_amd64.whl", hash = "sha256:5ea0c60dd9c1e3d05610606579e4bf80f562854c46ed55f9ee8545e18987a480", size = 217979, upload-time = "2026-06-22T18:01:46.629Z" },
]

[[package]]
name = "click"
version = "8.5.0"
source = { registry = "https://pypi.org/simple" }
sdist = { url = "https://files.pythonhosted.org/packages/c7/0e/7fa0ef50764b67090eca4114772a2abf8b6148198475e54c660b97caeee6/click-8.5.0.tar.gz", hash = "sha256:ba0d2089de75ea0310e2dde03160e6ca10009947fb95a182f9b54021bb272e34", size = 382235, upload-time = "2026-08-26T13:33:14.56Z" }
wheels = [
    { url = "https://files.pythonhosted.org/packages/58/50/6c0d534c5f134586a8e1ba4e330569e32f057e33372ae556463212fb4cd3/click-8.5.0-py3-none-any.whl", hash = "sha256:255bc9599cf7748b4b1a446ccc735421bd08a2ae529a8b88597d3de5664ee360", size = 125251, upload-time = "2026-08-26T13:33:12.928Z" },
]

[[package]]
name = "colorama"
version = "0.4.6"
source = { registry = "https://pypi.org/simple" }
sdist = { url = "https://files.pythonhosted.org/packages/d8/53/6f443c9a4a8358a93a6792e2acffb9d9d5cb0a5cfd8802644b7b1c9a02e4/colorama-0.4.6.tar.gz", hash = "sha256:08695f5cb7ed6e0531a20572697297273c47b8cae5a63ffc6d6ed5c201be6e44", size = 27697, upload-time = "2022-10-25T02:36:22.414Z" }
wheels = [
    { url = "https://files.pythonhosted.org/packages/d1/d6/3965ed04c63042e047cb6a3e6ed1a63a35087b6a609aa3a15ed8ac56c221/colorama-0.4.6-py2.py3-none-any.whl", hash = "sha256:4f1d9991f5acc0ca119f9d443620b77f9d6b33703e51011c16baf57afb285fc6", size = 25335, upload-time = "2022-10-25T02:36:20.889Z" },
]

[[package]]
name = "iniconfig"
version = "2.3.0"
source = { registry = "https://pypi.org/simple" }
sdist = { url = "https://files.pythonhosted.org/packages/72/34/14ca021ce8e5dfedc35312d08ba8bf51fdd999c576889fc2c24cb97f4f10/iniconfig-2.3.0.tar.gz", hash = "sha256:c76315c77db068650d49c5b56314774a7804df16fee4402c1f19d6d15d8c4730", size = 20503, upload-time = "2025-10-18T21:55:43.219Z" }
wheels = [
    { url = "https://files.pythonhosted.org/packages/cb/b1/3846dd7f199d53cb17f49cba7e651e9ce294d8497c8c150530ed11865bb8/iniconfig-2.3.0-py3-none-any.whl", hash = "sha256:f631c04d2c48c52b84d0d0549c99ff3859c98df65b3101406327ecc7d53fbf12", size = 7484, upload-time = "2025-10-18T21:55:41.639Z" },
]

[[package]]
name = "nodeenv"
version = "1.10.0"
source = { registry = "https://pypi.org/simple" }
sdist = { url = "https://files.pythonhosted.org/packages/24/bf/d1bda4f6168e0b2e9e5958945e01910052158313224ada5ce1fb2e1113b8/nodeenv-1.10.0.tar.gz", hash = "sha256:996c191ad80897d076bdfba80a41994c2b47c68e224c542b48feba42ba00f8bb", size = 55611, upload-time = "2025-12-20T14:08:54.006Z" }
wheels = [
    { url = "https://files.pythonhosted.org/packages/88/b2/d0896bdcdc8d28a7fc5717c305f1a861c26e18c05047949fb371034d98bd/nodeenv-1.10.0-py2.py3-none-any.whl", hash = "sha256:5bb13e3eed2923615535339b3c620e76779af4cb4c6a90deccc9e36b274d3827", size = 23438, upload-time = "2025-12-20T14:08:52.782Z" },
]

[[package]]
name = "packaging"
version = "26.3"
source = { registry = "https://pypi.org/simple" }
sdist = { url = "https://files.pythonhosted.org/packages/7d/fa/3944b40b07da9ce895c0e6303a5ab7d53da063554f534556b134a54d6093/packaging-26.3.tar.gz", hash = "sha256:94edc256424af38762eb31306eed28beb9f0efc50a8837492c9d6fd6004aed79", size = 313412, upload-time = "2026-08-04T18:15:28.737Z" }
wheels = [
    { url = "https://files.pythonhosted.org/packages/63/34/ba1c580383c9eada3711951fef0795c80b829a078d72188184bcab9dd527/packaging-26.3-py3-none-any.whl", hash = "sha256:d7193f7c8e4e93f444fde0262bf90af30e16fa0ad0ad44cb553c87339b23cd1c", size = 129956, upload-time = "2026-08-04T18:15:27.159Z" },
]

[[package]]
name = "pluggy"
version = "1.6.0"
source = { registry = "https://pypi.org/simple" }
sdist = { url = "https://files.pythonhosted.org/packages/f9/e2/3e91f31a7d2b083fe6ef3fa267035b518369d9511ffab804f839851d2779/pluggy-1.6.0.tar.gz", hash = "sha256:7dcc130b76258d33b90f61b658791dede3486c3e6bfb003ee5c9bfb396dd22f3", size = 69412, upload-time = "2025-05-15T12:30:07.975Z" }
wheels = [
    { url = "https://files.pythonhosted.org/packages/54/20/4d324d65cc6d9205fabedc306948156824eb9f0ee1633355a8f7ec5c66bf/pluggy-1.6.0-py3-none-any.whl", hash = "sha256:e920276dd6813095e9377c0bc5566d94c932c33b27a3e3945d8389c374dd4746", size = 20538, upload-time = "2025-05-15T12:30:06.134Z" },
]

[[package]]
name = "pyfakefs"
version = "6.2.0"
source = { registry = "https://pypi.org/simple" }
sdist = { url = "https://files.pythonhosted.org/packages/98/0d/c80012ee6e885c293ad63c5f5b049d3ef3fd2b32bbe6fa8739145f392ec6/pyfakefs-6.2.0.tar.gz", hash = "sha256:e59a36db447bf509ce9c97ab3d1510c08cc51895c5311325a560a5e5b5dc1940", size = 228273, upload-time = "2026-04-12T13:38:50.411Z" }
wheels = [
    { url = "https://files.pythonhosted.org/packages/b2/80/97571ac8295289c267367b7b60aadeae1a9a841e83f0a96ad9b65d1dd3c0/pyfakefs-6.2.0-py3-none-any.whl", hash = "sha256:0968a49db692694ffed420e54a9f1cbae4636637b880e8ab09c8ccc0f11bd7ae", size = 241113, upload-time = "2026-04-12T13:38:48.927Z" },
]

[[package]]
name = "pygments"
version = "2.21.0"
source = { registry = "https://pypi.org/simple" }
sdist = { url = "https://files.pythonhosted.org/packages/49/2e/ced460408999b33da6b31b0021b0f37d329e202d4169aeb164493778f25b/pygments-2.21.0.tar.gz", hash = "sha256:610ca751c9bc2492b38eb9a38a7fbc93edbbb2d7182edaf34e66ae493dee5c8c", size = 5005329, upload-time = "2026-08-17T08:02:48.824Z" }
wheels = [
    { url = "https://files.pythonhosted.org/packages/71/46/17f022dd3e953bf20a04a028a21ec746d942f8d2af30fa0f124fa0e6a684/pygments-2.21.0-py3-none-any.whl", hash = "sha256:2363c69b61c4a97c838da3b130dcd6468f4848992b21a82f2a63ec34377137d9", size = 1250147, upload-time = "2026-08-17T08:02:44.912Z" },
]

[[package]]
name = "pyright"
version = "1.1.411"
source = { registry = "https://pypi.org/simple" }
dependencies = [
    { name = "nodeenv" },
    { name = "typing-extensions" },
]
sdist = { url = "https://files.pythonhosted.org/packages/7e/ab/265f7dc69d28113ebba19092e57b075f41543b2ed048429c5f56e2b88eac/pyright-1.1.411.tar.gz", hash = "sha256:d885a0551f2e763b089a02702174e7f4ba77548cddabc972ab86d1f7f1b0f998", size = 4112861, upload-time = "2026-06-25T02:14:06.37Z" }
wheels = [
    { url = "https://files.pythonhosted.org/packages/0a/49/385be530a6a5b78d1cbcd5c2e38debc8959a2fc6bdb716f4e581002979fc/pyright-1.1.411-py3-none-any.whl", hash = "sha256:dc7c72a8e2700c55baa127554040e067041ea53ccfd50bf96308cc4291c7d5d9", size = 6181526, upload-time = "2026-06-25T02:14:04.691Z" },
]

[[package]]
name = "pytest"
version = "9.1.1"
source = { registry = "https://pypi.org/simple" }
dependencies = [
    { name = "colorama", marker = "sys_platform == 'win32'" },
    { name = "iniconfig" },
    { name = "packaging" },
    { name = "pluggy" },
    { name = "pygments" },
]
sdist = { url = "https://files.pythonhosted.org/packages/e4/47/b9efed96c114afcfa3c9d3fe98a76a1d14c74a9e266d397cf6eb64be5e01/pytest-9.1.1.tar.gz", hash = "sha256:1088fbde8f2b49d95a549a195707afa7a76a3ce9bcadc26b6d71f0ffda5fe313", size = 1636369, upload-time = "2026-06-19T10:58:32.857Z" }
wheels = [
    { url = "https://files.pythonhosted.org/packages/24/25/1de2678b631f5a49215c6c96fff41ba892b0a34df68d6d80292b1b48aa7f/pytest-9.1.1-py3-none-any.whl", hash = "sha256:37a86b45efb9a47a61a36449063e8e18d0cab3161329fc099eb21783169c4f0c", size = 386536, upload-time = "2026-06-19T10:58:31.347Z" },
]

[[package]]
name = "pytest-mock"
version = "3.15.1"
source = { registry = "https://pypi.org/simple" }
dependencies = [
    { name = "pytest" },
]
sdist = { url = "https://files.pythonhosted.org/packages/68/14/eb014d26be205d38ad5ad20d9a80f7d201472e08167f0bb4361e251084a9/pytest_mock-3.15.1.tar.gz", hash = "sha256:1849a238f6f396da19762269de72cb1814ab44416fa73a8686deac10b0d87a0f", size = 34036, upload-time = "2025-09-16T16:37:27.081Z" }
wheels = [
    { url = "https://files.pythonhosted.org/packages/5a/cc/06253936f4a7fa2e0f48dfe6d851d9c56df896a9ab09ac019d70b760619c/pytest_mock-3.15.1-py3-none-any.whl", hash = "sha256:0a25e2eb88fe5168d535041d09a4529a188176ae608a6d249ee65abc0949630d", size = 10095, upload-time = "2025-09-16T16:37:25.734Z" },
]

[[package]]
name = "ruff"
version = "0.16.5"
source = { registry = "https://pypi.org/simple" }
sdist = { url = "https://files.pythonhosted.org/packages/f3/85/c8e12473c93018f92d19dd988a294202e1c27426c47ec4de53ffb847b8d8/ruff-0.16.5.tar.gz", hash = "sha256:1b88500f9ffbcab3dedb0082c9f9492e91ec3d618aac1236a3e0189938f7040b", size = 4912003, upload-time = "2026-08-27T16:34:18.258Z" }
wheels = [
    { url = "https://files.pythonhosted.org/packages/c6/b6/77c90a970fe2dae17a723acbd011043ea97c98d7deacccefdc4ba74ec512/ruff-0.16.5-py3-none-linux_armv6l.whl", hash = "sha256:12e5f673e774c35fbb62f288809c7653b73445f8ecec6b6063fd6ea3521aa14b", size = 10011941, upload-time = "2026-08-27T16:33:41.287Z" },
    { url = "https://files.pythonhosted.org/packages/4b/46/6cf67cf6411885a1d6f7f6d801682f155536a85176d10b605e2ceffed8bd/ruff-0.16.5-py3-none-macosx_10_12_x86_64.whl", hash = "sha256:eda58a5802de40e7ed5b32b64e0b32539338cc6fcd2c78f61e3ad6a0d79f51c3", size = 10204049, upload-time = "2026-08-27T16:33:44.056Z" },
    { url = "https://files.pythonhosted.org/packages/46/fd/c8720ca7a090abf0c2fef4abe8a5ef6e5127ed15196d8886ff75a2b370e2/ruff-0.16.5-py3-none-macosx_11_0_arm64.whl", hash = "sha256:c5ae9a7b9a8875131f40f8fe967cc86abf899779efd663cb7ce3d572d01da7eb", size = 9809037, upload-time = "2026-08-27T16:33:46.257Z" },
    { url = "https://files.pythonhosted.org/packages/43/45/a684caacdedaca180f52bacccc40bf0789d2c5a7c75f25324853e9eaedb5/ruff-0.16.5-py3-none-manylinux_2_17_aarch64.manylinux2014_aarch64.whl", hash = "sha256:7b719b0a1f4d59710d283ab2965f621684a108a9e41da622e3b23f0326cd0025", size = 9964129, upload-time = "2026-08-27T16:33:48.352Z" },
    { url = "https://files.pythonhosted.org/packages/9e/f2/5d2bcdaca6b5b93d1b4dfc166cd2aebf7680143a1b38a28759df13a94d31/ruff-0.16.5-py3-none-manylinux_2_17_armv7l.manylinux2014_armv7l.whl", hash = "sha256:2298f2780ed1be0c5cb1361e32ab7b1467f3cce7dabe101d2210a314f2fe42e9", size = 9821518, upload-time = "2026-08-27T16:33:50.57Z" },
    { url = "https://files.pythonhosted.org/packages/aa/ff/011cce29accf9257d5974145b733fc653a37985ed6825413a3987cefbfe0/ruff-0.16.5-py3-none-manylinux_2_17_i686.manylinux2014_i686.whl", hash = "sha256:258f29035a2dd021e7861e631b227a5b3f14e50c1184c9a6a122c5f4576154d7", size = 10534835, upload-time = "2026-08-27T16:33:52.522Z" },
    { url = "https://files.pythonhosted.org/packages/d7/5a/f0cf109bada9bba0e96c90c21c9f9251803f57225c32d293327a03c710d6/ruff-0.16.5-py3-none-manylinux_2_17_ppc64le.manylinux2014_ppc64le.whl", hash = "sha256:b9a4f0432966834019c74d1b7e5c51224305d7713f3d7faf3e7451f1a3be3cde", size = 11252550, upload-time = "2026-08-27T16:33:54.521Z" },
    { url = "https://files.pythonhosted.org/packages/63/4d/1d481aaea2046c6a7ed7c291f9004c669cce3c087b6b376ed5b08271e3fe/ruff-0.16.5-py3-none-manylinux_2_17_s390x.manylinux2014_s390x.whl", hash = "sha256:b5eb3a8c3d0ade9cea42b591fd530368e8798380e30e0a308b85a5cf718f09ea", size = 10777949, upload-time = "2026-08-27T16:33:56.88Z" },
    { url = "https://files.pythonhosted.org/packages/ee/34/ee245ca55f64443233034b3d02b03236b19242004281247c079390b7facd/ruff-0.16.5-py3-none-manylinux_2_17_x86_64.manylinux2014_x86_64.whl", hash = "sha256:ef0f69e191a13a3c9816f63163c88790cb12cd157bbbb384e9c44745702ab105", size = 10311656, upload-time = "2026-08-27T16:33:59.12Z" },
    { url = "https://files.pythonhosted.org/packages/a7/4d/c33a333e341c0a2b96c715b52d89a606f5a34cd4ac493cd9b8d0187186b8/ruff-0.16.5-py3-none-manylinux_2_31_riscv64.whl", hash = "sha256:0eeab41fbea2c42f98dfb9822cdccda9d24ba38d49f6dc945b5c236d48f0ef29", size = 10532125, upload-time = "2026-08-27T16:34:01.166Z" },
    { url = "https://files.pythonhosted.org/packages/30/e1/a64cef78b40192497bb98a27a8aa8f2c98ee9ee15bc97f7712d94ef32937/ruff-0.16.5-py3-none-musllinux_1_2_aarch64.whl", hash = "sha256:f0768e9df4300713fff30733c87575f68b6f1d8de41184e505b7fdd9c0c95eaf", size = 10097648, upload-time = "2026-08-27T16:34:03.16Z" },
    { url = "https://files.pythonhosted.org/packages/cc/4e/4cdc9ed3c3e109d2f71e62572a37457298d7bc7501ec3138babb7ed32bbd/ruff-0.16.5-py3-none-musllinux_1_2_armv7l.whl", hash = "sha256:95cc70cdc7aa80c338de356279d2adbeb2de0f520b9ecd8aba75b94e95e02f91", size = 9829344, upload-time = "2026-08-27T16:34:05.134Z" },
    { url = "https://files.pythonhosted.org/packages/39/4a/31ed35ce31729955fc583ee0d176d6e784c1290cb0b0a75cb2134c1ab72a/ruff-0.16.5-py3-none-musllinux_1_2_i686.whl", hash = "sha256:d185c8398ded1bfd91c0c2cb258346307571eccc473a8490af8c3977399c384a", size = 10277117, upload-time = "2026-08-27T16:34:07.425Z" },
    { url = "https://files.pythonhosted.org/packages/a8/a0/60356d86687b4b666d593df213f4dc3041750d024cb7bf2cfa81cfd65c2e/ruff-0.16.5-py3-none-musllinux_1_2_x86_64.whl", hash = "sha256:fb8e3a3c4c6a784150a7ced53b015f4b253fc2bf97a610886419ead64b4756ef", size = 10711653, upload-time = "2026-08-27T16:34:09.712Z" },
    { url = "https://files.pythonhosted.org/packages/ed/20/656d67f5b25ca9bda4e02b1de25867b2954e1d19e03648060f167ad0f4cc/ruff-0.16.5-py3-none-win32.whl", hash = "sha256:288b0a5f080492fe5635db849f9e2e84aa3cce7b7f0e955997d416c507c76a26", size = 10034250, upload-time = "2026-08-27T16:34:11.8Z" },
    { url = "https://files.pythonhosted.org/packages/5b/42/ee8e68a207b9127fcde6c3d7e197def432f346cb1af159e1fa14ca0d1cdc/ruff-0.16.5-py3-none-win_amd64.whl", hash = "sha256:ddc6385fb2137f616357ca03d6c74f4be987f80fed4008566b754f6032b8546f", size = 10516714, upload-time = "2026-08-27T16:34:13.963Z" },
    { url = "https://files.pythonhosted.org/packages/73/e3/7df5a396e445b9ba49ce9a9437439a4d80042c61c0ade199abf8d16de1ac/ruff-0.16.5-py3-none-win_arm64.whl", hash = "sha256:a64abe90968719b851bb7cedffaa8753fbdbdadab483089682db623f3edc587e", size = 10391564, upload-time = "2026-08-27T16:34:16.064Z" },
]

[[package]]
name = "scout"
version = "0.0.1"
source = { editable = "." }
dependencies = [
    { name = "attrs" },
    { name = "b3c32" },
    { name = "click" },
]

[package.dev-dependencies]
dev = [
    { name = "pyfakefs" },
    { name = "pyright" },
    { name = "pytest" },
    { name = "pytest-mock" },
    { name = "ruff" },
]

[package.metadata]
requires-dist = [
    { name = "attrs" },
    { name = "b3c32", specifier = ">=0.0.4,<0.1" },
    { name = "click" },
]

[package.metadata.requires-dev]
dev = [
    { name = "pyfakefs" },
    { name = "pyright" },
    { name = "pytest" },
    { name = "pytest-mock" },
    { name = "ruff" },
]

[[package]]
name = "typing-extensions"
version = "4.16.0"
source = { registry = "https://pypi.org/simple" }
sdist = { url = "https://files.pythonhosted.org/packages/f6/cc/6253133b5bb138fc3306cebfbda2c520f545d36b5be2c7255cc528bb45d6/typing_extensions-4.16.0.tar.gz", hash = "sha256:dc983d19a509c94dba722ee6abd33940f7c05a89e243c47e907eb4db6f1a43e5", size = 113555, upload-time = "2026-07-02T08:40:05.92Z" }
wheels = [
    { url = "https://files.pythonhosted.org/packages/49/d3/b8441a820a491ddfc024b0b0cf0393375b75ea13866d9c66727e54c2fc80/typing_extensions-4.16.0-py3-none-any.whl", hash = "sha256:481caa481374e813c1b176ada14e97f1f67a4539ce9cfeb3f350d78d6370c2e8", size = 45571, upload-time = "2026-07-02T08:40:04.659Z" },
]
